
Microsoft Visual Studio Solution File, Format Version 11.00
# Visual Studio 2010
Project("{FAE04EC0-301F-11D3-BF4B-00C04F79EFBC}") = "Opener", "Opener\Opener.csproj", "{AD758EE6-755F-4113-BCF9-F32D297390A3}"
EndProject
Project("{FAE04EC0-301F-11D3-BF4B-00C04F79EFBC}") = "Joiner", "Joiner\Joiner.csproj", "{F907FCAE-52C5-4034-B9FC-67C355971F41}"
EndProject
Global
	GlobalSection(SolutionConfigurationPlatforms) = preSolution
		Debug|Any CPU = Debug|Any CPU
		Release|Any CPU = Release|Any CPU
	EndGlobalSection
	GlobalSection(ProjectConfigurationPlatforms) = postSolution
		{AD758EE6-755F-4113-BCF9-F32D297390A3}.Debug|Any CPU.ActiveCfg = Debug|Any CPU
		{AD758EE6-755F-4113-BCF9-F32D297390A3}.Debug|Any CPU.Build.0 = Debug|Any CPU
		{AD758EE6-755F-4113-BCF9-F32D297390A3}.Release|Any CPU.ActiveCfg = Release|Any CPU
		{AD758EE6-755F-4113-BCF9-F32D297390A3}.Release|Any CPU.Build.0 = Release|Any CPU
		{F907FCAE-52C5-4034-B9FC-67C355971F41}.Debug|Any CPU.ActiveCfg = Debug|Any CPU
		{F907FCAE-52C5-4034-B9FC-67C355971F41}.Debug|Any CPU.Build.0 = Debug|Any CPU
		{F907FCAE-52C5-4034-B9FC-67C355971F41}.Release|Any CPU.ActiveCfg = Release|Any CPU
		{F907FCAE-52C5-4034-B9FC-67C355971F41}.Release|Any CPU.Build.0 = Release|Any CPU
	EndGlobalSection
	GlobalSection(SolutionProperties) = preSolution
		HideSolutionNode = FALSE
	EndGlobalSection
EndGlobal
